
Microsoft Visual Studio Solution File, Format Version 12.00
# Visual Studio 2013
VisualStudioVersion = 12.0.30501.0
MinimumVisualStudioVersion = 10.0.40219.1
Project("{2150E333-8FDC-42A3-9474-1A3956D46DE8}") = "_Framework", "_Framework", "{37CB0357-0851-490B-9A39-2C8193156D4D}"
EndProject
Project("{2150E333-8FDC-42A3-9474-1A3956D46DE8}") = "_Core", "_Core", "{CEBC9D73-2745-46DB-8DCB-1651F581177F}"
EndProject
Project("{2150E333-8FDC-42A3-9474-1A3956D46DE8}") = "Account", "Account", "{6490EDE1-A1F7-4196-A10C-B6447C46F52E}"
EndProject
Project("{2150E333-8FDC-42A3-9474-1A3956D46DE8}") = "Web", "Web", "{27FDFCC9-2984-4AE8-BF68-41CA976C17EF}"
EndProject
Project("{2150E333-8FDC-42A3-9474-1A3956D46DE8}") = "Cms", "Cms", "{D6C0A9E6-2E50-40AD-9CF9-DB401AB360BA}"
EndProject
Project("{2150E333-8FDC-42A3-9474-1A3956D46DE8}") = "Crm", "Crm", "{48158E8B-60E0-4C45-86D9-310AB47783B4}"
EndProject
Project("{2150E333-8FDC-42A3-9474-1A3956D46DE8}") = "PingBiao", "PingBiao", "{A8518DB8-887D-452C-B2FF-15ECC96642B2}"
EndProject
Project("{2150E333-8FDC-42A3-9474-1A3956D46DE8}") = "SLApp", "SLApp", "{7020BD2C-928A-4172-9129-79AD04ADD95B}"
EndProject
Project("{FAE04EC0-301F-11D3-BF4B-00C04F79EFBC}") = "Epoint.Framework.BLL", "Epoint.Framework.BLL\Epoint.Framework.BLL.csproj", "{290B5D69-973B-444E-A956-555534090CD7}"
EndProject
Project("{FAE04EC0-301F-11D3-BF4B-00C04F79EFBC}") = "Epoint.Framework.Contract", "Epoint.Framework.Contract\Epoint.Framework.Contract.csproj", "{11214D97-F23C-4E16-AA12-ECD824454744}"
EndProject
Project("{FAE04EC0-301F-11D3-BF4B-00C04F79EFBC}") = "Epoint.Framework.DAL", "Epoint.Framework.DAL\Epoint.Framework.DAL.csproj", "{D988D0DA-99C9-4BB6-98BB-4C0526F6F524}"
EndProject
Project("{FAE04EC0-301F-11D3-BF4B-00C04F79EFBC}") = "Epoint.Framework.Utility", "Epoint.Framework.Utility\Epoint.Framework.Utility.csproj", "{9F519EF8-800F-40CB-9545-9AEADF0F387D}"
EndProject
Project("{FAE04EC0-301F-11D3-BF4B-00C04F79EFBC}") = "Epoint.Framework.Web", "Epoint.Framework.Web\Epoint.Framework.Web.csproj", "{AA76F90E-2594-44C8-89D6-302A0C8757AD}"
EndProject
Project("{FAE04EC0-301F-11D3-BF4B-00C04F79EFBC}") = "Epoint.Account.BLL", "Epoint.Account.BLL\Epoint.Account.BLL.csproj", "{70A7663C-09AB-4BAB-9BFC-F0649FE6C8F4}"
EndProject
Project("{FAE04EC0-301F-11D3-BF4B-00C04F79EFBC}") = "Epoint.Account.Contract", "Epoint.Account.Contract\Epoint.Account.Contract.csproj", "{08CFB8BA-AA0E-42F5-B6BF-140C64E34377}"
EndProject
Project("{FAE04EC0-301F-11D3-BF4B-00C04F79EFBC}") = "Epoint.Account.DAL", "Epoint.Account.DAL\Epoint.Account.DAL.csproj", "{36C53C41-48DB-4D74-9D83-78DF614DC83B}"
EndProject
Project("{FAE04EC0-301F-11D3-BF4B-00C04F79EFBC}") = "Epoint.Cms.BLL", "Epoint.Cms.BLL\Epoint.Cms.BLL.csproj", "{B7CFF757-E14D-418C-A75F-D8344D408BF2}"
EndProject
Project("{FAE04EC0-301F-11D3-BF4B-00C04F79EFBC}") = "Epoint.Cms.Contract", "Epoint.Cms.Contract\Epoint.Cms.Contract.csproj", "{B5C93A51-4CBF-419C-A8B1-290B3F163B5E}"
EndProject
Project("{FAE04EC0-301F-11D3-BF4B-00C04F79EFBC}") = "Epoint.Cms.DAL", "Epoint.Cms.DAL\Epoint.Cms.DAL.csproj", "{4846CCAB-BF12-460E-95EB-CCAD0D76871E}"
EndProject
Project("{FAE04EC0-301F-11D3-BF4B-00C04F79EFBC}") = "Epoint.Crm.BLL", "Epoint.Crm.BLL\Epoint.Crm.BLL.csproj", "{320B4685-2F0A-48D5-B1C5-EA1F8E5C158B}"
EndProject
Project("{FAE04EC0-301F-11D3-BF4B-00C04F79EFBC}") = "Epoint.Crm.Contract", "Epoint.Crm.Contract\Epoint.Crm.Contract.csproj", "{0DB50285-89DE-42C7-9274-8D1633AAF01C}"
EndProject
Project("{FAE04EC0-301F-11D3-BF4B-00C04F79EFBC}") = "Epoint.Crm.DAL", "Epoint.Crm.DAL\Epoint.Crm.DAL.csproj", "{0BC4354A-1C5A-4D0C-A510-8C88CC880433}"
EndProject
Project("{FAE04EC0-301F-11D3-BF4B-00C04F79EFBC}") = "Epoint.Web.OrgChart", "Epoint.Web.OrgChart\Epoint.Web.OrgChart.csproj", "{F410D2D3-B9DA-4F5D-B9C6-AAC8249A135B}"
EndProject
Project("{FAE04EC0-301F-11D3-BF4B-00C04F79EFBC}") = "Epoint.Web", "Epoint.Web\Epoint.Web.csproj", "{E905FFE6-A1D5-48B2-81B7-8E8D4BC5F895}"
EndProject
Project("{FAE04EC0-301F-11D3-BF4B-00C04F79EFBC}") = "Epoint.Web.Admin", "Epoint.Web.Admin\Epoint.Web.Admin.csproj", "{8432BF29-D2F6-4727-97D9-656247B13EFF}"
EndProject
Project("{FAE04EC0-301F-11D3-BF4B-00C04F79EFBC}") = "Epoint.Core.Cache", "Epoint.Core.Cache\Epoint.Core.Cache.csproj", "{A155C5D8-FEE0-415C-940A-26C94D61BE9B}"
EndProject
Project("{FAE04EC0-301F-11D3-BF4B-00C04F79EFBC}") = "Epoint.Core.Config", "Epoint.Core.Config\Epoint.Core.Config.csproj", "{3BF4147E-D01D-4FFF-B8E7-FE24959B2D7E}"
EndProject
Project("{FAE04EC0-301F-11D3-BF4B-00C04F79EFBC}") = "Epoint.Core.Log", "Epoint.Core.Log\Epoint.Core.Log.csproj", "{8AE51EE2-67DB-4F57-98FE-CBB890C9A5A2}"
EndProject
Project("{FAE04EC0-301F-11D3-BF4B-00C04F79EFBC}") = "Epoint.Core.Module", "Epoint.Core.Module\Epoint.Core.Module.csproj", "{CD06E340-B210-43F0-B963-D99D16073B79}"
EndProject
Project("{FAE04EC0-301F-11D3-BF4B-00C04F79EFBC}") = "Epoint.Core.Service", "Epoint.Core.Service\Epoint.Core.Service.csproj", "{812C05FD-2BAA-4799-B0AB-2711781133BA}"
EndProject
Project("{FAE04EC0-301F-11D3-BF4B-00C04F79EFBC}") = "Epoint.Core.Upload", "Epoint.Core.Upload\Epoint.Core.Upload.csproj", "{99D0022F-17D5-4DD5-B4D3-BA8FDC81F7AF}"
EndProject
Project("{FAE04EC0-301F-11D3-BF4B-00C04F79EFBC}") = "Epoint.PingBiao.Service", "Epoint.PingBiao.Service\Epoint.PingBiao.Service.csproj", "{18C66D3F-5457-4798-87C6-ECC60ADA2DE1}"
EndProject
Project("{FAE04EC0-301F-11D3-BF4B-00C04F79EFBC}") = "Epoint.PingBiao.IService", "Epoint.PingBiao.IService\Epoint.PingBiao.IService.csproj", "{3DCE3993-9194-4FB5-BFCD-E835F0EE3921}"
EndProject
Project("{FAE04EC0-301F-11D3-BF4B-00C04F79EFBC}") = "Epoint.PingBiao.Contract", "Epoint.PingBiao.Contract\Epoint.PingBiao.Contract.csproj", "{B35B20C7-ED37-4ADE-A246-3649DAF7314B}"
EndProject
Project("{FAE04EC0-301F-11D3-BF4B-00C04F79EFBC}") = "Epoint.PingBiao.DAL", "Epoint.PingBiao.DAL\Epoint.PingBiao.DAL.csproj", "{D649745B-1634-458D-810A-0BA547045612}"
EndProject
Global
	GlobalSection(SolutionConfigurationPlatforms) = preSolution
		Debug|Any CPU = Debug|Any CPU
		Release|Any CPU = Release|Any CPU
	EndGlobalSection
	GlobalSection(ProjectConfigurationPlatforms) = postSolution
		{290B5D69-973B-444E-A956-555534090CD7}.Debug|Any CPU.ActiveCfg = Debug|Any CPU
		{290B5D69-973B-444E-A956-555534090CD7}.Debug|Any CPU.Build.0 = Debug|Any CPU
		{290B5D69-973B-444E-A956-555534090CD7}.Release|Any CPU.ActiveCfg = Release|Any CPU
		{290B5D69-973B-444E-A956-555534090CD7}.Release|Any CPU.Build.0 = Release|Any CPU
		{11214D97-F23C-4E16-AA12-ECD824454744}.Debug|Any CPU.ActiveCfg = Debug|Any CPU
		{11214D97-F23C-4E16-AA12-ECD824454744}.Debug|Any CPU.Build.0 = Debug|Any CPU
		{11214D97-F23C-4E16-AA12-ECD824454744}.Release|Any CPU.ActiveCfg = Release|Any CPU
		{11214D97-F23C-4E16-AA12-ECD824454744}.Release|Any CPU.Build.0 = Release|Any CPU
		{D988D0DA-99C9-4BB6-98BB-4C0526F6F524}.Debug|Any CPU.ActiveCfg = Debug|Any CPU
		{D988D0DA-99C9-4BB6-98BB-4C0526F6F524}.Debug|Any CPU.Build.0 = Debug|Any CPU
		{D988D0DA-99C9-4BB6-98BB-4C0526F6F524}.Release|Any CPU.ActiveCfg = Release|Any CPU
		{D988D0DA-99C9-4BB6-98BB-4C0526F6F524}.Release|Any CPU.Build.0 = Release|Any CPU
		{9F519EF8-800F-40CB-9545-9AEADF0F387D}.Debug|Any CPU.ActiveCfg = Debug|Any CPU
		{9F519EF8-800F-40CB-9545-9AEADF0F387D}.Debug|Any CPU.Build.0 = Debug|Any CPU
		{9F519EF8-800F-40CB-9545-9AEADF0F387D}.Release|Any CPU.ActiveCfg = Release|Any CPU
		{9F519EF8-800F-40CB-9545-9AEADF0F387D}.Release|Any CPU.Build.0 = Release|Any CPU
		{AA76F90E-2594-44C8-89D6-302A0C8757AD}.Debug|Any CPU.ActiveCfg = Debug|Any CPU
		{AA76F90E-2594-44C8-89D6-302A0C8757AD}.Debug|Any CPU.Build.0 = Debug|Any CPU
		{AA76F90E-2594-44C8-89D6-302A0C8757AD}.Release|Any CPU.ActiveCfg = Release|Any CPU
		{AA76F90E-2594-44C8-89D6-302A0C8757AD}.Release|Any CPU.Build.0 = Release|Any CPU
		{70A7663C-09AB-4BAB-9BFC-F0649FE6C8F4}.Debug|Any CPU.ActiveCfg = Debug|Any CPU
		{70A7663C-09AB-4BAB-9BFC-F0649FE6C8F4}.Debug|Any CPU.Build.0 = Debug|Any CPU
		{70A7663C-09AB-4BAB-9BFC-F0649FE6C8F4}.Release|Any CPU.ActiveCfg = Release|Any CPU
		{70A7663C-09AB-4BAB-9BFC-F0649FE6C8F4}.Release|Any CPU.Build.0 = Release|Any CPU
		{08CFB8BA-AA0E-42F5-B6BF-140C64E34377}.Debug|Any CPU.ActiveCfg = Debug|Any CPU
		{08CFB8BA-AA0E-42F5-B6BF-140C64E34377}.Debug|Any CPU.Build.0 = Debug|Any CPU
		{08CFB8BA-AA0E-42F5-B6BF-140C64E34377}.Release|Any CPU.ActiveCfg = Release|Any CPU
		{08CFB8BA-AA0E-42F5-B6BF-140C64E34377}.Release|Any CPU.Build.0 = Release|Any CPU
		{36C53C41-48DB-4D74-9D83-78DF614DC83B}.Debug|Any CPU.ActiveCfg = Debug|Any CPU
		{36C53C41-48DB-4D74-9D83-78DF614DC83B}.Debug|Any CPU.Build.0 = Debug|Any CPU
		{36C53C41-48DB-4D74-9D83-78DF614DC83B}.Release|Any CPU.ActiveCfg = Release|Any CPU
		{36C53C41-48DB-4D74-9D83-78DF614DC83B}.Release|Any CPU.Build.0 = Release|Any CPU
		{B7CFF757-E14D-418C-A75F-D8344D408BF2}.Debug|Any CPU.ActiveCfg = Debug|Any CPU
		{B7CFF757-E14D-418C-A75F-D8344D408BF2}.Debug|Any CPU.Build.0 = Debug|Any CPU
		{B7CFF757-E14D-418C-A75F-D8344D408BF2}.Release|Any CPU.ActiveCfg = Release|Any CPU
		{B7CFF757-E14D-418C-A75F-D8344D408BF2}.Release|Any CPU.Build.0 = Release|Any CPU
		{B5C93A51-4CBF-419C-A8B1-290B3F163B5E}.Debug|Any CPU.ActiveCfg = Debug|Any CPU
		{B5C93A51-4CBF-419C-A8B1-290B3F163B5E}.Debug|Any CPU.Build.0 = Debug|Any CPU
		{B5C93A51-4CBF-419C-A8B1-290B3F163B5E}.Release|Any CPU.ActiveCfg = Release|Any CPU
		{B5C93A51-4CBF-419C-A8B1-290B3F163B5E}.Release|Any CPU.Build.0 = Release|Any CPU
		{4846CCAB-BF12-460E-95EB-CCAD0D76871E}.Debug|Any CPU.ActiveCfg = Debug|Any CPU
		{4846CCAB-BF12-460E-95EB-CCAD0D76871E}.Debug|Any CPU.Build.0 = Debug|Any CPU
		{4846CCAB-BF12-460E-95EB-CCAD0D76871E}.Release|Any CPU.ActiveCfg = Release|Any CPU
		{4846CCAB-BF12-460E-95EB-CCAD0D76871E}.Release|Any CPU.Build.0 = Release|Any CPU
		{320B4685-2F0A-48D5-B1C5-EA1F8E5C158B}.Debug|Any CPU.ActiveCfg = Debug|Any CPU
		{320B4685-2F0A-48D5-B1C5-EA1F8E5C158B}.Debug|Any CPU.Build.0 = Debug|Any CPU
		{320B4685-2F0A-48D5-B1C5-EA1F8E5C158B}.Release|Any CPU.ActiveCfg = Release|Any CPU
		{320B4685-2F0A-48D5-B1C5-EA1F8E5C158B}.Release|Any CPU.Build.0 = Release|Any CPU
		{0DB50285-89DE-42C7-9274-8D1633AAF01C}.Debug|Any CPU.ActiveCfg = Debug|Any CPU
		{0DB50285-89DE-42C7-9274-8D1633AAF01C}.Debug|Any CPU.Build.0 = Debug|Any CPU
		{0DB50285-89DE-42C7-9274-8D1633AAF01C}.Release|Any CPU.ActiveCfg = Release|Any CPU
		{0DB50285-89DE-42C7-9274-8D1633AAF01C}.Release|Any CPU.Build.0 = Release|Any CPU
		{0BC4354A-1C5A-4D0C-A510-8C88CC880433}.Debug|Any CPU.ActiveCfg = Debug|Any CPU
		{0BC4354A-1C5A-4D0C-A510-8C88CC880433}.Debug|Any CPU.Build.0 = Debug|Any CPU
		{0BC4354A-1C5A-4D0C-A510-8C88CC880433}.Release|Any CPU.ActiveCfg = Release|Any CPU
		{0BC4354A-1C5A-4D0C-A510-8C88CC880433}.Release|Any CPU.Build.0 = Release|Any CPU
		{F410D2D3-B9DA-4F5D-B9C6-AAC8249A135B}.Debug|Any CPU.ActiveCfg = Debug|Any CPU
		{F410D2D3-B9DA-4F5D-B9C6-AAC8249A135B}.Debug|Any CPU.Build.0 = Debug|Any CPU
		{F410D2D3-B9DA-4F5D-B9C6-AAC8249A135B}.Release|Any CPU.ActiveCfg = Release|Any CPU
		{F410D2D3-B9DA-4F5D-B9C6-AAC8249A135B}.Release|Any CPU.Build.0 = Release|Any CPU
		{E905FFE6-A1D5-48B2-81B7-8E8D4BC5F895}.Debug|Any CPU.ActiveCfg = Debug|Any CPU
		{E905FFE6-A1D5-48B2-81B7-8E8D4BC5F895}.Debug|Any CPU.Build.0 = Debug|Any CPU
		{E905FFE6-A1D5-48B2-81B7-8E8D4BC5F895}.Release|Any CPU.ActiveCfg = Release|Any CPU
		{E905FFE6-A1D5-48B2-81B7-8E8D4BC5F895}.Release|Any CPU.Build.0 = Release|Any CPU
		{8432BF29-D2F6-4727-97D9-656247B13EFF}.Debug|Any CPU.ActiveCfg = Debug|Any CPU
		{8432BF29-D2F6-4727-97D9-656247B13EFF}.Debug|Any CPU.Build.0 = Debug|Any CPU
		{8432BF29-D2F6-4727-97D9-656247B13EFF}.Release|Any CPU.ActiveCfg = Release|Any CPU
		{8432BF29-D2F6-4727-97D9-656247B13EFF}.Release|Any CPU.Build.0 = Release|Any CPU
		{A155C5D8-FEE0-415C-940A-26C94D61BE9B}.Debug|Any CPU.ActiveCfg = Debug|Any CPU
		{A155C5D8-FEE0-415C-940A-26C94D61BE9B}.Debug|Any CPU.Build.0 = Debug|Any CPU
		{A155C5D8-FEE0-415C-940A-26C94D61BE9B}.Release|Any CPU.ActiveCfg = Release|Any CPU
		{A155C5D8-FEE0-415C-940A-26C94D61BE9B}.Release|Any CPU.Build.0 = Release|Any CPU
		{3BF4147E-D01D-4FFF-B8E7-FE24959B2D7E}.Debug|Any CPU.ActiveCfg = Debug|Any CPU
		{3BF4147E-D01D-4FFF-B8E7-FE24959B2D7E}.Debug|Any CPU.Build.0 = Debug|Any CPU
		{3BF4147E-D01D-4FFF-B8E7-FE24959B2D7E}.Release|Any CPU.ActiveCfg = Release|Any CPU
		{3BF4147E-D01D-4FFF-B8E7-FE24959B2D7E}.Release|Any CPU.Build.0 = Release|Any CPU
		{8AE51EE2-67DB-4F57-98FE-CBB890C9A5A2}.Debug|Any CPU.ActiveCfg = Debug|Any CPU
		{8AE51EE2-67DB-4F57-98FE-CBB890C9A5A2}.Debug|Any CPU.Build.0 = Debug|Any CPU
		{8AE51EE2-67DB-4F57-98FE-CBB890C9A5A2}.Release|Any CPU.ActiveCfg = Release|Any CPU
		{8AE51EE2-67DB-4F57-98FE-CBB890C9A5A2}.Release|Any CPU.Build.0 = Release|Any CPU
		{CD06E340-B210-43F0-B963-D99D16073B79}.Debug|Any CPU.ActiveCfg = Debug|Any CPU
		{CD06E340-B210-43F0-B963-D99D16073B79}.Debug|Any CPU.Build.0 = Debug|Any CPU
		{CD06E340-B210-43F0-B963-D99D16073B79}.Release|Any CPU.ActiveCfg = Release|Any CPU
		{CD06E340-B210-43F0-B963-D99D16073B79}.Release|Any CPU.Build.0 = Release|Any CPU
		{812C05FD-2BAA-4799-B0AB-2711781133BA}.Debug|Any CPU.ActiveCfg = Debug|Any CPU
		{812C05FD-2BAA-4799-B0AB-2711781133BA}.Debug|Any CPU.Build.0 = Debug|Any CPU
		{812C05FD-2BAA-4799-B0AB-2711781133BA}.Release|Any CPU.ActiveCfg = Release|Any CPU
		{812C05FD-2BAA-4799-B0AB-2711781133BA}.Release|Any CPU.Build.0 = Release|Any CPU
		{99D0022F-17D5-4DD5-B4D3-BA8FDC81F7AF}.Debug|Any CPU.ActiveCfg = Debug|Any CPU
		{99D0022F-17D5-4DD5-B4D3-BA8FDC81F7AF}.Debug|Any CPU.Build.0 = Debug|Any CPU
		{99D0022F-17D5-4DD5-B4D3-BA8FDC81F7AF}.Release|Any CPU.ActiveCfg = Release|Any CPU
		{99D0022F-17D5-4DD5-B4D3-BA8FDC81F7AF}.Release|Any CPU.Build.0 = Release|Any CPU
		{18C66D3F-5457-4798-87C6-ECC60ADA2DE1}.Debug|Any CPU.ActiveCfg = Debug|Any CPU
		{18C66D3F-5457-4798-87C6-ECC60ADA2DE1}.Debug|Any CPU.Build.0 = Debug|Any CPU
		{18C66D3F-5457-4798-87C6-ECC60ADA2DE1}.Release|Any CPU.ActiveCfg = Release|Any CPU
		{18C66D3F-5457-4798-87C6-ECC60ADA2DE1}.Release|Any CPU.Build.0 = Release|Any CPU
		{3DCE3993-9194-4FB5-BFCD-E835F0EE3921}.Debug|Any CPU.ActiveCfg = Debug|Any CPU
		{3DCE3993-9194-4FB5-BFCD-E835F0EE3921}.Debug|Any CPU.Build.0 = Debug|Any CPU
		{3DCE3993-9194-4FB5-BFCD-E835F0EE3921}.Release|Any CPU.ActiveCfg = Release|Any CPU
		{3DCE3993-9194-4FB5-BFCD-E835F0EE3921}.Release|Any CPU.Build.0 = Release|Any CPU
		{B35B20C7-ED37-4ADE-A246-3649DAF7314B}.Debug|Any CPU.ActiveCfg = Debug|Any CPU
		{B35B20C7-ED37-4ADE-A246-3649DAF7314B}.Debug|Any CPU.Build.0 = Debug|Any CPU
		{B35B20C7-ED37-4ADE-A246-3649DAF7314B}.Release|Any CPU.ActiveCfg = Release|Any CPU
		{B35B20C7-ED37-4ADE-A246-3649DAF7314B}.Release|Any CPU.Build.0 = Release|Any CPU
		{D649745B-1634-458D-810A-0BA547045612}.Debug|Any CPU.ActiveCfg = Debug|Any CPU
		{D649745B-1634-458D-810A-0BA547045612}.Debug|Any CPU.Build.0 = Debug|Any CPU
		{D649745B-1634-458D-810A-0BA547045612}.Release|Any CPU.ActiveCfg = Release|Any CPU
		{D649745B-1634-458D-810A-0BA547045612}.Release|Any CPU.Build.0 = Release|Any CPU
	EndGlobalSection
	GlobalSection(SolutionProperties) = preSolution
		HideSolutionNode = FALSE
	EndGlobalSection
	GlobalSection(NestedProjects) = preSolution
		{7020BD2C-928A-4172-9129-79AD04ADD95B} = {27FDFCC9-2984-4AE8-BF68-41CA976C17EF}
		{290B5D69-973B-444E-A956-555534090CD7} = {37CB0357-0851-490B-9A39-2C8193156D4D}
		{11214D97-F23C-4E16-AA12-ECD824454744} = {37CB0357-0851-490B-9A39-2C8193156D4D}
		{D988D0DA-99C9-4BB6-98BB-4C0526F6F524} = {37CB0357-0851-490B-9A39-2C8193156D4D}
		{9F519EF8-800F-40CB-9545-9AEADF0F387D} = {37CB0357-0851-490B-9A39-2C8193156D4D}
		{AA76F90E-2594-44C8-89D6-302A0C8757AD} = {37CB0357-0851-490B-9A39-2C8193156D4D}
		{70A7663C-09AB-4BAB-9BFC-F0649FE6C8F4} = {6490EDE1-A1F7-4196-A10C-B6447C46F52E}
		{08CFB8BA-AA0E-42F5-B6BF-140C64E34377} = {6490EDE1-A1F7-4196-A10C-B6447C46F52E}
		{36C53C41-48DB-4D74-9D83-78DF614DC83B} = {6490EDE1-A1F7-4196-A10C-B6447C46F52E}
		{B7CFF757-E14D-418C-A75F-D8344D408BF2} = {D6C0A9E6-2E50-40AD-9CF9-DB401AB360BA}
		{B5C93A51-4CBF-419C-A8B1-290B3F163B5E} = {D6C0A9E6-2E50-40AD-9CF9-DB401AB360BA}
		{4846CCAB-BF12-460E-95EB-CCAD0D76871E} = {D6C0A9E6-2E50-40AD-9CF9-DB401AB360BA}
		{320B4685-2F0A-48D5-B1C5-EA1F8E5C158B} = {48158E8B-60E0-4C45-86D9-310AB47783B4}
		{0DB50285-89DE-42C7-9274-8D1633AAF01C} = {48158E8B-60E0-4C45-86D9-310AB47783B4}
		{0BC4354A-1C5A-4D0C-A510-8C88CC880433} = {48158E8B-60E0-4C45-86D9-310AB47783B4}
		{F410D2D3-B9DA-4F5D-B9C6-AAC8249A135B} = {7020BD2C-928A-4172-9129-79AD04ADD95B}
		{E905FFE6-A1D5-48B2-81B7-8E8D4BC5F895} = {27FDFCC9-2984-4AE8-BF68-41CA976C17EF}
		{8432BF29-D2F6-4727-97D9-656247B13EFF} = {27FDFCC9-2984-4AE8-BF68-41CA976C17EF}
		{A155C5D8-FEE0-415C-940A-26C94D61BE9B} = {CEBC9D73-2745-46DB-8DCB-1651F581177F}
		{3BF4147E-D01D-4FFF-B8E7-FE24959B2D7E} = {CEBC9D73-2745-46DB-8DCB-1651F581177F}
		{8AE51EE2-67DB-4F57-98FE-CBB890C9A5A2} = {CEBC9D73-2745-46DB-8DCB-1651F581177F}
		{CD06E340-B210-43F0-B963-D99D16073B79} = {CEBC9D73-2745-46DB-8DCB-1651F581177F}
		{812C05FD-2BAA-4799-B0AB-2711781133BA} = {CEBC9D73-2745-46DB-8DCB-1651F581177F}
		{99D0022F-17D5-4DD5-B4D3-BA8FDC81F7AF} = {CEBC9D73-2745-46DB-8DCB-1651F581177F}
		{18C66D3F-5457-4798-87C6-ECC60ADA2DE1} = {A8518DB8-887D-452C-B2FF-15ECC96642B2}
		{3DCE3993-9194-4FB5-BFCD-E835F0EE3921} = {A8518DB8-887D-452C-B2FF-15ECC96642B2}
		{B35B20C7-ED37-4ADE-A246-3649DAF7314B} = {A8518DB8-887D-452C-B2FF-15ECC96642B2}
		{D649745B-1634-458D-810A-0BA547045612} = {A8518DB8-887D-452C-B2FF-15ECC96642B2}
	EndGlobalSection
EndGlobal
